
Microsoft Visual Studio Solution File, Format Version 12.00
# Visual Studio Version 17
VisualStudioVersion = 17.6.33815.320
MinimumVisualStudioVersion = 10.0.40219.1
Project("{FAE04EC0-301F-11D3-BF4B-00C04F79EFBC}") = "Web-server", "Web-server\Web-server.csproj", "{5E43E5BF-6AF6-4421-B8DB-2E76A8E133A6}"
EndProject
Global
	GlobalSection(SolutionConfigurationPlatforms) = preSolution
		Debug|Any CPU = Debug|Any CPU
		Release|Any CPU = Release|Any CPU
	EndGlobalSection
	GlobalSection(ProjectConfigurationPlatforms) = postSolution
		{5E43E5BF-6AF6-4421-B8DB-2E76A8E133A6}.Debug|Any CPU.ActiveCfg = Debug|Any CPU
		{5E43E5BF-6AF6-4421-B8DB-2E76A8E133A6}.Debug|Any CPU.Build.0 = Debug|Any CPU
		{5E43E5BF-6AF6-4421-B8DB-2E76A8E133A6}.Release|Any CPU.ActiveCfg = Release|Any CPU
		{5E43E5BF-6AF6-4421-B8DB-2E76A8E133A6}.Release|Any CPU.Build.0 = Release|Any CPU
	EndGlobalSection
	GlobalSection(SolutionProperties) = preSolution
		HideSolutionNode = FALSE
	EndGlobalSection
	GlobalSection(ExtensibilityGlobals) = postSolution
		SolutionGuid = {0E94BE5B-244F-4B1D-BDB7-1B222C5158FA}
	EndGlobalSection
EndGlobal
